
Microsoft Visual Studio Solution File, Format Version 12.00
# Visual Studio Version 17
VisualStudioVersion = 17.5.33414.496
MinimumVisualStudioVersion = 10.0.40219.1
Project("{FAE04EC0-301F-11D3-BF4B-00C04F79EFBC}") = "HouseRentingSystemFromFile", "HouseRentingSystemFromFile\HouseRentingSystemFromFile.csproj", "{B49E9F7E-FEA6-462C-87B2-B71D14469841}"
EndProject
Global
	GlobalSection(SolutionConfigurationPlatforms) = preSolution
		Debug|Any CPU = Debug|Any CPU
		Release|Any CPU = Release|Any CPU
	EndGlobalSection
	GlobalSection(ProjectConfigurationPlatforms) = postSolution
		{B49E9F7E-FEA6-462C-87B2-B71D14469841}.Debug|Any CPU.ActiveCfg = Debug|Any CPU
		{B49E9F7E-FEA6-462C-87B2-B71D14469841}.Debug|Any CPU.Build.0 = Debug|Any CPU
		{B49E9F7E-FEA6-462C-87B2-B71D14469841}.Release|Any CPU.ActiveCfg = Release|Any CPU
		{B49E9F7E-FEA6-462C-87B2-B71D14469841}.Release|Any CPU.Build.0 = Release|Any CPU
	EndGlobalSection
	GlobalSection(SolutionProperties) = preSolution
		HideSolutionNode = FALSE
	EndGlobalSection
	GlobalSection(ExtensibilityGlobals) = postSolution
		SolutionGuid = {0BB51C83-F7C3-400B-90AB-46A34BB4C551}
	EndGlobalSection
EndGlobal
