
Microsoft Visual Studio Solution File, Format Version 12.00
# Visual Studio Version 17
VisualStudioVersion = 17.5.33414.496
MinimumVisualStudioVersion = 10.0.40219.1
Project("{9A19103F-16F7-4668-BE54-9A1E7A4F7556}") = "HouseRentingSystemFromFile.Data", "HouseRentingSystemFromFile.Data\HouseRentingSystemFromFile.Data.csproj", "{E6D1C111-0B87-4949-9E53-1C5F5AD39AB3}"
EndProject
Project("{9A19103F-16F7-4668-BE54-9A1E7A4F7556}") = "HouseRentingSystemFromFile.Core", "HouseRentingSystemFromFile.Core\HouseRentingSystemFromFile.Core.csproj", "{8A8C4351-4236-4600-A00C-75A0DF177739}"
EndProject
Project("{9A19103F-16F7-4668-BE54-9A1E7A4F7556}") = "HouseRentingSystemFromFile.Web", "HouseRentingSystemFromFile.Web\HouseRentingSystemFromFile.Web.csproj", "{8F405A8A-2B9B-4F3D-AC43-431970C790DD}"
EndProject
Project("{FAE04EC0-301F-11D3-BF4B-00C04F79EFBC}") = "HouseRentingSystemFromFile.Tests", "HouseRentingSystemFromFile.Tests\HouseRentingSystemFromFile.Tests.csproj", "{CEAB0703-9FAE-4A59-A6EF-C3E3FEE38F97}"
EndProject
Global
	GlobalSection(SolutionConfigurationPlatforms) = preSolution
		Debug|Any CPU = Debug|Any CPU
		Release|Any CPU = Release|Any CPU
	EndGlobalSection
	GlobalSection(ProjectConfigurationPlatforms) = postSolution
		{E6D1C111-0B87-4949-9E53-1C5F5AD39AB3}.Debug|Any CPU.ActiveCfg = Debug|Any CPU
		{E6D1C111-0B87-4949-9E53-1C5F5AD39AB3}.Debug|Any CPU.Build.0 = Debug|Any CPU
		{E6D1C111-0B87-4949-9E53-1C5F5AD39AB3}.Release|Any CPU.ActiveCfg = Release|Any CPU
		{E6D1C111-0B87-4949-9E53-1C5F5AD39AB3}.Release|Any CPU.Build.0 = Release|Any CPU
		{8A8C4351-4236-4600-A00C-75A0DF177739}.Debug|Any CPU.ActiveCfg = Debug|Any CPU
		{8A8C4351-4236-4600-A00C-75A0DF177739}.Debug|Any CPU.Build.0 = Debug|Any CPU
		{8A8C4351-4236-4600-A00C-75A0DF177739}.Release|Any CPU.ActiveCfg = Release|Any CPU
		{8A8C4351-4236-4600-A00C-75A0DF177739}.Release|Any CPU.Build.0 = Release|Any CPU
		{8F405A8A-2B9B-4F3D-AC43-431970C790DD}.Debug|Any CPU.ActiveCfg = Debug|Any CPU
		{8F405A8A-2B9B-4F3D-AC43-431970C790DD}.Debug|Any CPU.Build.0 = Debug|Any CPU
		{8F405A8A-2B9B-4F3D-AC43-431970C790DD}.Release|Any CPU.ActiveCfg = Release|Any CPU
		{8F405A8A-2B9B-4F3D-AC43-431970C790DD}.Release|Any CPU.Build.0 = Release|Any CPU
		{CEAB0703-9FAE-4A59-A6EF-C3E3FEE38F97}.Debug|Any CPU.ActiveCfg = Debug|Any CPU
		{CEAB0703-9FAE-4A59-A6EF-C3E3FEE38F97}.Debug|Any CPU.Build.0 = Debug|Any CPU
		{CEAB0703-9FAE-4A59-A6EF-C3E3FEE38F97}.Release|Any CPU.ActiveCfg = Release|Any CPU
		{CEAB0703-9FAE-4A59-A6EF-C3E3FEE38F97}.Release|Any CPU.Build.0 = Release|Any CPU
	EndGlobalSection
	GlobalSection(SolutionProperties) = preSolution
		HideSolutionNode = FALSE
	EndGlobalSection
	GlobalSection(ExtensibilityGlobals) = postSolution
		SolutionGuid = {0BB51C83-F7C3-400B-90AB-46A34BB4C551}
	EndGlobalSection
EndGlobal
